Microsoft Visual Studio Solution File, Format Version 12.00
# Visual Studio Version 17
VisualStudioVersion = 17.5.2.0
MinimumVisualStudioVersion = 10.0.40219.1
Project("{FAE04EC0-301F-11D3-BF4B-00C04F79EFBC}") = "SimpleDiceGame", "SimpleDiceGame.csproj", "{38234D7F-75BC-388E-452B-0E35572A4D71}"
EndProject
Global
	GlobalSection(SolutionConfigurationPlatforms) = preSolution
		Debug|Any CPU = Debug|Any CPU
		Release|Any CPU = Release|Any CPU
	EndGlobalSection
	GlobalSection(ProjectConfigurationPlatforms) = postSolution
		{38234D7F-75BC-388E-452B-0E35572A4D71}.Debug|Any CPU.ActiveCfg = Debug|Any CPU
		{38234D7F-75BC-388E-452B-0E35572A4D71}.Debug|Any CPU.Build.0 = Debug|Any CPU
		{38234D7F-75BC-388E-452B-0E35572A4D71}.Release|Any CPU.ActiveCfg = Release|Any CPU
		{38234D7F-75BC-388E-452B-0E35572A4D71}.Release|Any CPU.Build.0 = Release|Any CPU
	EndGlobalSection
	GlobalSection(SolutionProperties) = preSolution
		HideSolutionNode = FALSE
	EndGlobalSection
	GlobalSection(ExtensibilityGlobals) = postSolution
		SolutionGuid = {E94880C5-AEDD-40EC-818D-B497A2B0CD9A}
	EndGlobalSection
EndGlobal
